
Microsoft Visual Studio Solution File, Format Version 12.00
# Visual Studio Version 17
VisualStudioVersion = 17.3.32819.101
MinimumVisualStudioVersion = 10.0.40219.1
Project("{9A19103F-16F7-4668-BE54-9A1E7A4F7556}") = "Advent.Tests", "Advent.Tests\Advent.Tests.csproj", "{DBB298DE-6952-4AAF-8AF5-8C912358C4D0}"
EndProject
Project("{9A19103F-16F7-4668-BE54-9A1E7A4F7556}") = "Advent.Solutions", "Advent.Solutions\Advent.Solutions.csproj", "{BB7019A6-DB1B-427B-A3C8-79E46A76FD1B}"
EndProject
Project("{2150E333-8FDC-42A3-9474-1A3956D46DE8}") = "Solution Items", "Solution Items", "{A6C03EE1-698B-476B-84D6-072DD1C103DD}"
	ProjectSection(SolutionItems) = preProject
		.editorconfig = .editorconfig
	EndProjectSection
EndProject
Global
	GlobalSection(SolutionConfigurationPlatforms) = preSolution
		Debug|Any CPU = Debug|Any CPU
		Release|Any CPU = Release|Any CPU
	EndGlobalSection
	GlobalSection(ProjectConfigurationPlatforms) = postSolution
		{DBB298DE-6952-4AAF-8AF5-8C912358C4D0}.Debug|Any CPU.ActiveCfg = Debug|Any CPU
		{DBB298DE-6952-4AAF-8AF5-8C912358C4D0}.Debug|Any CPU.Build.0 = Debug|Any CPU
		{DBB298DE-6952-4AAF-8AF5-8C912358C4D0}.Release|Any CPU.ActiveCfg = Release|Any CPU
		{DBB298DE-6952-4AAF-8AF5-8C912358C4D0}.Release|Any CPU.Build.0 = Release|Any CPU
		{BB7019A6-DB1B-427B-A3C8-79E46A76FD1B}.Debug|Any CPU.ActiveCfg = Debug|Any CPU
		{BB7019A6-DB1B-427B-A3C8-79E46A76FD1B}.Debug|Any CPU.Build.0 = Debug|Any CPU
		{BB7019A6-DB1B-427B-A3C8-79E46A76FD1B}.Release|Any CPU.ActiveCfg = Release|Any CPU
		{BB7019A6-DB1B-427B-A3C8-79E46A76FD1B}.Release|Any CPU.Build.0 = Release|Any CPU
	EndGlobalSection
	GlobalSection(SolutionProperties) = preSolution
		HideSolutionNode = FALSE
	EndGlobalSection
	GlobalSection(ExtensibilityGlobals) = postSolution
		SolutionGuid = {699B9456-070F-482B-894B-A745C0A959E4}
	EndGlobalSection
EndGlobal
