
Microsoft Visual Studio Solution File, Format Version 12.00
# Visual Studio Version 17
VisualStudioVersion = 17.3.32819.101
MinimumVisualStudioVersion = 10.0.40219.1
Project("{FAE04EC0-301F-11D3-BF4B-00C04F79EFBC}") = "Advent.Tests", "Advent.Tests\Advent.Tests.csproj", "{DBB298DE-6952-4AAF-8AF5-8C912358C4D0}"
EndProject
Project("{FAE04EC0-301F-11D3-BF4B-00C04F79EFBC}") = "Day02", "Day02\Day02.csproj", "{057EBA14-5B3E-459C-B405-A5544ABBE60F}"
EndProject
Project("{FAE04EC0-301F-11D3-BF4B-00C04F79EFBC}") = "Day04", "Day04\Day04.csproj", "{A9ABE9C4-ECC4-4B36-A0C6-0487943EB437}"
EndProject
Project("{FAE04EC0-301F-11D3-BF4B-00C04F79EFBC}") = "Day05", "Day05\Day05.csproj", "{2632BA19-4744-4692-9D16-45160D35DD88}"
EndProject
Project("{9A19103F-16F7-4668-BE54-9A1E7A4F7556}") = "Day03", "Day03\Day03.csproj", "{8416D0F7-EF4C-4680-842E-058B86FA0053}"
EndProject
Global
	GlobalSection(SolutionConfigurationPlatforms) = preSolution
		Debug|Any CPU = Debug|Any CPU
		Release|Any CPU = Release|Any CPU
	EndGlobalSection
	GlobalSection(ProjectConfigurationPlatforms) = postSolution
		{DBB298DE-6952-4AAF-8AF5-8C912358C4D0}.Debug|Any CPU.ActiveCfg = Debug|Any CPU
		{DBB298DE-6952-4AAF-8AF5-8C912358C4D0}.Debug|Any CPU.Build.0 = Debug|Any CPU
		{DBB298DE-6952-4AAF-8AF5-8C912358C4D0}.Release|Any CPU.ActiveCfg = Release|Any CPU
		{DBB298DE-6952-4AAF-8AF5-8C912358C4D0}.Release|Any CPU.Build.0 = Release|Any CPU
		{057EBA14-5B3E-459C-B405-A5544ABBE60F}.Debug|Any CPU.ActiveCfg = Debug|Any CPU
		{057EBA14-5B3E-459C-B405-A5544ABBE60F}.Debug|Any CPU.Build.0 = Debug|Any CPU
		{057EBA14-5B3E-459C-B405-A5544ABBE60F}.Release|Any CPU.ActiveCfg = Release|Any CPU
		{057EBA14-5B3E-459C-B405-A5544ABBE60F}.Release|Any CPU.Build.0 = Release|Any CPU
		{A9ABE9C4-ECC4-4B36-A0C6-0487943EB437}.Debug|Any CPU.ActiveCfg = Debug|Any CPU
		{A9ABE9C4-ECC4-4B36-A0C6-0487943EB437}.Debug|Any CPU.Build.0 = Debug|Any CPU
		{A9ABE9C4-ECC4-4B36-A0C6-0487943EB437}.Release|Any CPU.ActiveCfg = Release|Any CPU
		{A9ABE9C4-ECC4-4B36-A0C6-0487943EB437}.Release|Any CPU.Build.0 = Release|Any CPU
		{2632BA19-4744-4692-9D16-45160D35DD88}.Debug|Any CPU.ActiveCfg = Debug|Any CPU
		{2632BA19-4744-4692-9D16-45160D35DD88}.Debug|Any CPU.Build.0 = Debug|Any CPU
		{2632BA19-4744-4692-9D16-45160D35DD88}.Release|Any CPU.ActiveCfg = Release|Any CPU
		{2632BA19-4744-4692-9D16-45160D35DD88}.Release|Any CPU.Build.0 = Release|Any CPU
		{8416D0F7-EF4C-4680-842E-058B86FA0053}.Debug|Any CPU.ActiveCfg = Debug|Any CPU
		{8416D0F7-EF4C-4680-842E-058B86FA0053}.Debug|Any CPU.Build.0 = Debug|Any CPU
		{8416D0F7-EF4C-4680-842E-058B86FA0053}.Release|Any CPU.ActiveCfg = Release|Any CPU
		{8416D0F7-EF4C-4680-842E-058B86FA0053}.Release|Any CPU.Build.0 = Release|Any CPU
	EndGlobalSection
	GlobalSection(SolutionProperties) = preSolution
		HideSolutionNode = FALSE
	EndGlobalSection
	GlobalSection(ExtensibilityGlobals) = postSolution
		SolutionGuid = {699B9456-070F-482B-894B-A745C0A959E4}
	EndGlobalSection
EndGlobal
